{
  "name": "seal-demo-app",
  "version": "1.0.0",
  "lockfileVersion": 3,
  "requires": true,
  "packages": {
    "": {
      "name": "seal-demo-app",
      "version": "1.0.0",
      "dependencies": {
        "ejs": "npm:@seal-security/ejs@2.7.4-sp1",
        "lodash": "^4.17.21"
      }
    },
    "node_modules/ejs": {
      "name": "@seal-security/ejs",
      "version": "2.7.4-sp1",
      "resolved": "https://registry.npmjs.org/@seal-security/ejs/-/ejs-2.7.4-sp1.tgz",
      "integrity": "sha512-AAAAAAAAAAAAAAAAAAAAAAAAAAAAAAAAAAAAAAAAAAAAAAAAAAAAAAAAAAAAAAAAAAAAAAAAAAAAAAAAAAAAAA==",
      "engines": {
        "node": ">=0.10.0"
      }
    },
    "node_modules/lodash": {
      "version": "4.17.21",
      "resolved": "https://registry.npmjs.org/lodash/-/lodash-4.17.21.tgz",
      "integrity": "sha512-v2kDEe57lecTulaDIuNTPy3Ry4gLGJ6Z1O3vE1krgXZNrsQ+LFTGHVxVjcXPs17LhbZVGedAJv8XZ1tvj5FvSg=="
    }
  }
}
